<Solution>
  <Folder Name="/src/">
    <Project Path="src/cmdbkafka2zabbix/cmdbkafka2zabbix.csproj" />
    <Project Path="src/cmdbwebhooks2kafka/cmdbwebhooks2kafka.csproj" />
    <Project Path="src/zabbixrequests2api/zabbixrequests2api.csproj" />
  </Folder>
  <Folder Name="/tests/">
    <Project Path="tests/configvalidation/configvalidation.csproj" />
  </Folder>
</Solution>
